
Microsoft Visual Studio Solution File, Format Version 12.00
# Visual Studio Version 17
VisualStudioVersion = 17.4.33403.182
MinimumVisualStudioVersion = 10.0.40219.1
Project("{FAE04EC0-301F-11D3-BF4B-00C04F79EFBC}") = "PRAKTIK  3.8", "PRAKTIK  3.8\PRAKTIK  3.8.csproj", "{44F07F73-6745-4E9B-A550-A51BDAA8613D}"
EndProject
Global
	GlobalSection(SolutionConfigurationPlatforms) = preSolution
		Debug|Any CPU = Debug|Any CPU
		Release|Any CPU = Release|Any CPU
	EndGlobalSection
	GlobalSection(ProjectConfigurationPlatforms) = postSolution
		{44F07F73-6745-4E9B-A550-A51BDAA8613D}.Debug|Any CPU.ActiveCfg = Debug|Any CPU
		{44F07F73-6745-4E9B-A550-A51BDAA8613D}.Debug|Any CPU.Build.0 = Debug|Any CPU
		{44F07F73-6745-4E9B-A550-A51BDAA8613D}.Release|Any CPU.ActiveCfg = Release|Any CPU
		{44F07F73-6745-4E9B-A550-A51BDAA8613D}.Release|Any CPU.Build.0 = Release|Any CPU
	EndGlobalSection
	GlobalSection(SolutionProperties) = preSolution
		HideSolutionNode = FALSE
	EndGlobalSection
	GlobalSection(ExtensibilityGlobals) = postSolution
		SolutionGuid = {599AA594-380B-4FF6-B212-9E091DC040DD}
	EndGlobalSection
EndGlobal
