
Microsoft Visual Studio Solution File, Format Version 12.00
# Visual Studio Version 17
VisualStudioVersion = 17.4.33403.182
MinimumVisualStudioVersion = 10.0.40219.1
Project("{FAE04EC0-301F-11D3-BF4B-00C04F79EFBC}") = "tugas3konversi suhu", "tugas3konversi suhu\tugas3konversi suhu.csproj", "{F037EB15-9833-4989-8BB0-7E7A7D646013}"
EndProject
Global
	GlobalSection(SolutionConfigurationPlatforms) = preSolution
		Debug|Any CPU = Debug|Any CPU
		Release|Any CPU = Release|Any CPU
	EndGlobalSection
	GlobalSection(ProjectConfigurationPlatforms) = postSolution
		{F037EB15-9833-4989-8BB0-7E7A7D646013}.Debug|Any CPU.ActiveCfg = Debug|Any CPU
		{F037EB15-9833-4989-8BB0-7E7A7D646013}.Debug|Any CPU.Build.0 = Debug|Any CPU
		{F037EB15-9833-4989-8BB0-7E7A7D646013}.Release|Any CPU.ActiveCfg = Release|Any CPU
		{F037EB15-9833-4989-8BB0-7E7A7D646013}.Release|Any CPU.Build.0 = Release|Any CPU
	EndGlobalSection
	GlobalSection(SolutionProperties) = preSolution
		HideSolutionNode = FALSE
	EndGlobalSection
	GlobalSection(ExtensibilityGlobals) = postSolution
		SolutionGuid = {F44B0AC1-1B16-4FB8-8DC8-6F954EBFEF90}
	EndGlobalSection
EndGlobal
